<?xml version="1.0" encoding="utf-8"?>
<Project ToolsVersion="4.0" xmlns="http://schemas.microsoft.com/developer/msbuild/2003">
  <ItemGroup>
    <Filter Include="src">
      <UniqueIdentifier>{4FC737F1-C7A5-4376-A066-2A32D752A2FF}</UniqueIdentifier>
      <Extensions>cpp;c;cc;cxx;c++;cppm;ixx;def;odl;idl;hpj;bat;asm;asmx</Extensions>
    </Filter>
    <Filter Include="inc">
      <UniqueIdentifier>{93995380-89BD-4b04-88EB-625FBE52EBFB}</UniqueIdentifier>
      <Extensions>h;hh;hpp;hxx;h++;hm;inl;inc;ipp;xsd</Extensions>
    </Filter>
    <Filter Include="inc\00.Default">
      <UniqueIdentifier>{b9e07999-e01f-403e-aaf0-41ab3ab30c4b}</UniqueIdentifier>
    </Filter>
    <Filter Include="src\00.Default">
      <UniqueIdentifier>{459aaea0-e757-4935-84a9-1a1783edba9d}</UniqueIdentifier>
    </Filter>
    <Filter Include="inc\01.GraphicsEngine">
      <UniqueIdentifier>{00a734ed-0076-4279-9e80-b5ae0571523e}</UniqueIdentifier>
    </Filter>
    <Filter Include="src\01.GraphcisEngine">
      <UniqueIdentifier>{5e299edf-a442-488d-a9f5-f50badcf2dd1}</UniqueIdentifier>
    </Filter>
    <Filter Include="inc\02.Camera">
      <UniqueIdentifier>{e6078725-0a4e-4c1f-a4d1-764444d138e3}</UniqueIdentifier>
    </Filter>
    <Filter Include="src\02.Camera">
      <UniqueIdentifier>{a76af382-c5ba-4996-bd96-88c2b9d8c640}</UniqueIdentifier>
    </Filter>
    <Filter Include="inc\03.DirectX11">
      <UniqueIdentifier>{4dd78ced-c4cd-4863-acea-2a17eb56a308}</UniqueIdentifier>
    </Filter>
    <Filter Include="src\03.DirectX11">
      <UniqueIdentifier>{46049048-de88-45bb-8777-1de082c37095}</UniqueIdentifier>
    </Filter>
    <Filter Include="inc\05.Resource">
      <UniqueIdentifier>{c20177dc-3bf7-43f8-843d-4c92d6a82270}</UniqueIdentifier>
    </Filter>
    <Filter Include="src\05.Resource">
      <UniqueIdentifier>{3e73ff67-346b-427a-95ce-e1641306de2c}</UniqueIdentifier>
    </Filter>
    <Filter Include="inc\04.Object">
      <UniqueIdentifier>{6df22733-0c0d-48eb-96da-7d98d0bda2cf}</UniqueIdentifier>
    </Filter>
    <Filter Include="src\04.Object">
      <UniqueIdentifier>{25ebe586-b6a8-42a9-be11-f638967fbef5}</UniqueIdentifier>
    </Filter>
    <Filter Include="inc\06.Scene">
      <UniqueIdentifier>{ec018aa7-02a9-42a9-9d7e-a2a777acba7d}</UniqueIdentifier>
    </Filter>
    <Filter Include="src\06.Scene">
      <UniqueIdentifier>{93ca1f08-5e84-494f-acf9-838a4d4c8517}</UniqueIdentifier>
    </Filter>
    <Filter Include=".hlsl">
      <UniqueIdentifier>{7434c16b-eb88-4977-a873-76a2c716379e}</UniqueIdentifier>
    </Filter>
  </ItemGroup>
  <ItemGroup>
    <ClInclude Include="SoulGraphicsPCH.h">
      <Filter>inc\00.Default</Filter>
    </ClInclude>
    <ClInclude Include="IGraphicsEngine.h">
      <Filter>inc\01.GraphicsEngine</Filter>
    </ClInclude>
    <ClInclude Include="GraphicsEngine.h">
      <Filter>inc\01.GraphicsEngine</Filter>
    </ClInclude>
    <ClInclude Include="Helper.h">
      <Filter>inc\00.Default</Filter>
    </ClInclude>
    <ClInclude Include="Camera.h">
      <Filter>inc\02.Camera</Filter>
    </ClInclude>
    <ClInclude Include="Device.h">
      <Filter>inc\03.DirectX11</Filter>
    </ClInclude>
    <ClInclude Include="RenderTarget.h">
      <Filter>inc\03.DirectX11</Filter>
    </ClInclude>
    <ClInclude Include="RenderState.h">
      <Filter>inc\03.DirectX11</Filter>
    </ClInclude>
    <ClInclude Include="Resource.h">
      <Filter>inc\05.Resource</Filter>
    </ClInclude>
    <ClInclude Include="ResourceManager.h">
      <Filter>inc\05.Resource</Filter>
    </ClInclude>
    <ClInclude Include="Vertex.h">
      <Filter>inc\03.DirectX11</Filter>
    </ClInclude>
    <ClInclude Include="IObject.h">
      <Filter>inc\04.Object</Filter>
    </ClInclude>
    <ClInclude Include="GeometryBuffer.h">
      <Filter>inc\05.Resource</Filter>
    </ClInclude>
    <ClInclude Include="MeshObject.h">
      <Filter>inc\04.Object</Filter>
    </ClInclude>
    <ClInclude Include="Shader.h">
      <Filter>inc\05.Resource</Filter>
    </ClInclude>
    <ClInclude Include="Box.h">
      <Filter>inc\04.Object</Filter>
    </ClInclude>
    <ClInclude Include="Scene.h">
      <Filter>inc\06.Scene</Filter>
    </ClInclude>
    <ClInclude Include="ConstantBufferStruct.h">
      <Filter>inc\00.Default</Filter>
    </ClInclude>
    <ClInclude Include="Texture.h">
      <Filter>inc\05.Resource</Filter>
    </ClInclude>
    <ClInclude Include="SoulGraphicsHeaderh.h">
      <Filter>inc\00.Default</Filter>
    </ClInclude>
    <ClInclude Include="InitializeInfomation.h">
      <Filter>inc\00.Default</Filter>
    </ClInclude>
    <ClInclude Include="ConstantBuffer.h">
      <Filter>inc\05.Resource</Filter>
    </ClInclude>
    <ClInclude Include="Material.h">
      <Filter>inc</Filter>
    </ClInclude>
  </ItemGroup>
  <ItemGroup>
    <ClCompile Include="GraphicsEngine.cpp">
      <Filter>src\01.GraphcisEngine</Filter>
    </ClCompile>
    <ClCompile Include="IGraphicsEngine.cpp">
      <Filter>src\01.GraphcisEngine</Filter>
    </ClCompile>
    <ClCompile Include="Camera.cpp">
      <Filter>src\02.Camera</Filter>
    </ClCompile>
    <ClCompile Include="Device.cpp">
      <Filter>src\03.DirectX11</Filter>
    </ClCompile>
    <ClCompile Include="RenderTarget.cpp">
      <Filter>src\03.DirectX11</Filter>
    </ClCompile>
    <ClCompile Include="RenderState.cpp">
      <Filter>src\03.DirectX11</Filter>
    </ClCompile>
    <ClCompile Include="Resource.cpp">
      <Filter>src\05.Resource</Filter>
    </ClCompile>
    <ClCompile Include="ResourceManager.cpp">
      <Filter>src\05.Resource</Filter>
    </ClCompile>
    <ClCompile Include="Vertex.cpp">
      <Filter>src\03.DirectX11</Filter>
    </ClCompile>
    <ClCompile Include="GeometryBuffer.cpp">
      <Filter>src\05.Resource</Filter>
    </ClCompile>
    <ClCompile Include="MeshObject.cpp">
      <Filter>src\04.Object</Filter>
    </ClCompile>
    <ClCompile Include="Shader.cpp">
      <Filter>src\05.Resource</Filter>
    </ClCompile>
    <ClCompile Include="Box.cpp">
      <Filter>src\04.Object</Filter>
    </ClCompile>
    <ClCompile Include="Scene.cpp">
      <Filter>src\06.Scene</Filter>
    </ClCompile>
    <ClCompile Include="Helpercpp.cpp">
      <Filter>src\00.Default</Filter>
    </ClCompile>
    <ClCompile Include="SoulGraphicsPCH.cpp">
      <Filter>src\01.GraphcisEngine</Filter>
    </ClCompile>
    <ClCompile Include="ConstantBufferStruct.cpp">
      <Filter>src\00.Default</Filter>
    </ClCompile>
    <ClCompile Include="Texture.cpp">
      <Filter>src\05.Resource</Filter>
    </ClCompile>
    <ClCompile Include="ConstantBuffer.cpp">
      <Filter>src\05.Resource</Filter>
    </ClCompile>
    <ClCompile Include="Material.cpp">
      <Filter>src</Filter>
    </ClCompile>
  </ItemGroup>
  <ItemGroup>
    <FxCompile Include="BasicVS.hlsl">
      <Filter>.hlsl</Filter>
    </FxCompile>
    <FxCompile Include="BasicPS.hlsl">
      <Filter>.hlsl</Filter>
    </FxCompile>
  </ItemGroup>
  <ItemGroup>
    <None Include="Shared.fxh">
      <Filter>.hlsl</Filter>
    </None>
  </ItemGroup>
</Project>