
Microsoft Visual Studio Solution File, Format Version 12.00
# Visual Studio Version 17
VisualStudioVersion = 17.8.34322.80
MinimumVisualStudioVersion = 10.0.40219.1
Project("{8BC9CEB8-8B4A-11D0-8D11-00A0C91BC942}") = "Demo", "Demo\Demo.vcxproj", "{B04420B3-40A9-4623-AFAD-943731FBBF1B}"
EndProject
Project("{8BC9CEB8-8B4A-11D0-8D11-00A0C91BC942}") = "SoulEngine", "SoulEngine\SoulEngine.vcxproj", "{D74A64A0-5891-4BB8-9535-315CD46080C5}"
EndProject
Global
	GlobalSection(SolutionConfigurationPlatforms) = preSolution
		Debug|x64 = Debug|x64
		Debug|x86 = Debug|x86
		Release|x64 = Release|x64
		Release|x86 = Release|x86
	EndGlobalSection
	GlobalSection(ProjectConfigurationPlatforms) = postSolution
		{B04420B3-40A9-4623-AFAD-943731FBBF1B}.Debug|x64.ActiveCfg = Debug|x64
		{B04420B3-40A9-4623-AFAD-943731FBBF1B}.Debug|x64.Build.0 = Debug|x64
		{B04420B3-40A9-4623-AFAD-943731FBBF1B}.Debug|x86.ActiveCfg = Debug|Win32
		{B04420B3-40A9-4623-AFAD-943731FBBF1B}.Debug|x86.Build.0 = Debug|Win32
		{B04420B3-40A9-4623-AFAD-943731FBBF1B}.Release|x64.ActiveCfg = Release|x64
		{B04420B3-40A9-4623-AFAD-943731FBBF1B}.Release|x64.Build.0 = Release|x64
		{B04420B3-40A9-4623-AFAD-943731FBBF1B}.Release|x86.ActiveCfg = Release|Win32
		{B04420B3-40A9-4623-AFAD-943731FBBF1B}.Release|x86.Build.0 = Release|Win32
		{D74A64A0-5891-4BB8-9535-315CD46080C5}.Debug|x64.ActiveCfg = Debug|x64
		{D74A64A0-5891-4BB8-9535-315CD46080C5}.Debug|x64.Build.0 = Debug|x64
		{D74A64A0-5891-4BB8-9535-315CD46080C5}.Debug|x86.ActiveCfg = Debug|Win32
		{D74A64A0-5891-4BB8-9535-315CD46080C5}.Debug|x86.Build.0 = Debug|Win32
		{D74A64A0-5891-4BB8-9535-315CD46080C5}.Release|x64.ActiveCfg = Release|x64
		{D74A64A0-5891-4BB8-9535-315CD46080C5}.Release|x64.Build.0 = Release|x64
		{D74A64A0-5891-4BB8-9535-315CD46080C5}.Release|x86.ActiveCfg = Release|Win32
		{D74A64A0-5891-4BB8-9535-315CD46080C5}.Release|x86.Build.0 = Release|Win32
	EndGlobalSection
	GlobalSection(SolutionProperties) = preSolution
		HideSolutionNode = FALSE
	EndGlobalSection
	GlobalSection(ExtensibilityGlobals) = postSolution
		SolutionGuid = {B257A855-6796-4FB2-83D8-5ABD32B77C5B}
	EndGlobalSection
EndGlobal
