<?xml version="1.0" encoding="utf-8"?>
<Project ToolsVersion="4.0" xmlns="http://schemas.microsoft.com/developer/msbuild/2003">
  <ItemGroup>
    <Filter Include="inc">
      <UniqueIdentifier>{93995380-89BD-4b04-88EB-625FBE52EBFB}</UniqueIdentifier>
      <Extensions>h;hh;hpp;hxx;h++;hm;inl;inc;ipp;xsd</Extensions>
    </Filter>
    <Filter Include="inc\00.Default">
      <UniqueIdentifier>{efdbd60a-90d8-4cab-9623-b3a674168ba7}</UniqueIdentifier>
    </Filter>
    <Filter Include="inc\01.SoulEngine">
      <UniqueIdentifier>{0298a8e6-1995-4128-bf06-a2e27eabb077}</UniqueIdentifier>
    </Filter>
    <Filter Include="inc\02.Manager">
      <UniqueIdentifier>{34e98b77-ed40-4a8b-98c1-3917a5c16fa4}</UniqueIdentifier>
    </Filter>
    <Filter Include="inc\src">
      <UniqueIdentifier>{4FC737F1-C7A5-4376-A066-2A32D752A2FF}</UniqueIdentifier>
      <Extensions>cpp;c;cc;cxx;c++;cppm;ixx;def;odl;idl;hpj;bat;asm;asmx</Extensions>
    </Filter>
    <Filter Include="inc\src\00.Default">
      <UniqueIdentifier>{be795eef-624c-47e7-b796-3ff36ea2fffe}</UniqueIdentifier>
    </Filter>
    <Filter Include="inc\src\01.SoulEngine">
      <UniqueIdentifier>{1e779a55-cf5a-4235-8fbb-145f8900baec}</UniqueIdentifier>
    </Filter>
    <Filter Include="inc\src\02.Manager">
      <UniqueIdentifier>{06b6dbb6-8442-4b7e-9da0-ae2ed19decd8}</UniqueIdentifier>
    </Filter>
    <Filter Include="inc\03.ECS">
      <UniqueIdentifier>{ed191dfb-ba7e-4d7b-9fe1-4195934e9366}</UniqueIdentifier>
    </Filter>
  </ItemGroup>
  <ItemGroup>
    <ClInclude Include="SoulEnginePCH.h">
      <Filter>inc\00.Default</Filter>
    </ClInclude>
    <ClInclude Include="IEngine.h">
      <Filter>inc\01.SoulEngine</Filter>
    </ClInclude>
    <ClInclude Include="GameEngine.h">
      <Filter>inc\01.SoulEngine</Filter>
    </ClInclude>
    <ClInclude Include="ToolEngine.h">
      <Filter>inc\01.SoulEngine</Filter>
    </ClInclude>
    <ClInclude Include="ExportSoul.h">
      <Filter>inc\00.Default</Filter>
    </ClInclude>
    <ClInclude Include="InputEnum.h">
      <Filter>inc\00.Default</Filter>
    </ClInclude>
    <ClInclude Include="InputManager.h">
      <Filter>inc\02.Manager</Filter>
    </ClInclude>
    <ClInclude Include="ECS.h">
      <Filter>inc\03.ECS</Filter>
    </ClInclude>
  </ItemGroup>
  <ItemGroup>
    <ClCompile Include="dllmain.cpp">
      <Filter>inc\src\00.Default</Filter>
    </ClCompile>
    <ClCompile Include="SoulEnginePCH.cpp">
      <Filter>inc\src\00.Default</Filter>
    </ClCompile>
    <ClCompile Include="GameEngine.cpp">
      <Filter>inc\src\01.SoulEngine</Filter>
    </ClCompile>
    <ClCompile Include="ToolEngine.cpp">
      <Filter>inc\src\01.SoulEngine</Filter>
    </ClCompile>
    <ClCompile Include="IEngine.cpp">
      <Filter>inc\src\01.SoulEngine</Filter>
    </ClCompile>
    <ClCompile Include="InputManager.cpp">
      <Filter>inc\src\02.Manager</Filter>
    </ClCompile>
  </ItemGroup>
</Project>