<?xml version="1.0" encoding="utf-8"?>
<Project ToolsVersion="4.0" xmlns="http://schemas.microsoft.com/developer/msbuild/2003">
  <ItemGroup>
    <Filter Include="src">
      <UniqueIdentifier>{4FC737F1-C7A5-4376-A066-2A32D752A2FF}</UniqueIdentifier>
      <Extensions>cpp;c;cc;cxx;c++;cppm;ixx;def;odl;idl;hpj;bat;asm;asmx</Extensions>
    </Filter>
    <Filter Include="inc">
      <UniqueIdentifier>{93995380-89BD-4b04-88EB-625FBE52EBFB}</UniqueIdentifier>
      <Extensions>h;hh;hpp;hxx;h++;hm;inl;inc;ipp;xsd</Extensions>
    </Filter>
    <Filter Include="inc\00.Default">
      <UniqueIdentifier>{433e03b2-b1be-41ac-8f20-83a23afb1e18}</UniqueIdentifier>
    </Filter>
    <Filter Include="src\00.Default">
      <UniqueIdentifier>{d2595caf-82db-4e8d-b30a-4eab8883e151}</UniqueIdentifier>
    </Filter>
    <Filter Include="inc\01.ToolEngine">
      <UniqueIdentifier>{0dd77894-54f6-44c3-bfe0-1e0cf31827f9}</UniqueIdentifier>
    </Filter>
    <Filter Include="src\01.ToolEngine">
      <UniqueIdentifier>{06d81b75-b254-46f4-8fbb-22eaa000953f}</UniqueIdentifier>
    </Filter>
  </ItemGroup>
  <ItemGroup>
    <ClInclude Include="IToolEngine.h">
      <Filter>inc\01.ToolEngine</Filter>
    </ClInclude>
    <ClInclude Include="SoulToolPCH.h">
      <Filter>inc\00.Default</Filter>
    </ClInclude>
    <ClInclude Include="ToolEngine.h">
      <Filter>inc\01.ToolEngine</Filter>
    </ClInclude>
  </ItemGroup>
  <ItemGroup>
    <ClCompile Include="IToolEngine.cpp">
      <Filter>src\01.ToolEngine</Filter>
    </ClCompile>
    <ClCompile Include="SoulToolPCH.cpp">
      <Filter>src\00.Default</Filter>
    </ClCompile>
    <ClCompile Include="ToolEngine.cpp">
      <Filter>src\01.ToolEngine</Filter>
    </ClCompile>
  </ItemGroup>
</Project>